
Microsoft Visual Studio Solution File, Format Version 12.00
# Visual Studio Version 17
VisualStudioVersion = 17.4.33103.184
MinimumVisualStudioVersion = 10.0.40219.1
Project("{2150E333-8FDC-42A3-9474-1A3956D46DE8}") = "src", "src", "{DFC195D4-3C79-4848-904C-DC7E283D7F0A}"
EndProject
Project("{2150E333-8FDC-42A3-9474-1A3956D46DE8}") = "Core", "Core", "{5673CDF4-78DE-46C4-B5B7-09EA4317AB62}"
EndProject
Project("{2150E333-8FDC-42A3-9474-1A3956D46DE8}") = "Presentation", "Presentation", "{C698E4A4-3F74-4DE9-926E-8F5E8FA57F98}"
EndProject
Project("{2150E333-8FDC-42A3-9474-1A3956D46DE8}") = "Infrastructure", "Infrastructure", "{79F305DA-A5ED-4D79-B8CF-1628AA8C023C}"
EndProject
Project("{9A19103F-16F7-4668-BE54-9A1E7A4F7556}") = "CRUDTest.Presentation", "src\Presentation\CRUDTest.Presentation\CRUDTest.Presentation.csproj", "{173AB53E-708E-49AB-8DBE-6F4866988BAE}"
EndProject
Project("{9A19103F-16F7-4668-BE54-9A1E7A4F7556}") = "CRUDTest.Persistense", "src\Infrastructure\CRUDTest.Persistense\CRUDTest.Persistense.csproj", "{4624B242-9E81-4610-AB68-B0E8DD697694}"
EndProject
Project("{9A19103F-16F7-4668-BE54-9A1E7A4F7556}") = "CRUDTest.Application", "src\Core\CRUDTest.Application\CRUDTest.Application.csproj", "{8AF1B3A9-431B-470A-A12A-F06C389F7E4C}"
EndProject
Project("{9A19103F-16F7-4668-BE54-9A1E7A4F7556}") = "CRUDTest.Domain", "src\Core\CRUDTest.Domain\CRUDTest.Domain.csproj", "{0B23DDA9-7ED1-4541-8E6B-F4C4BDD82DAA}"
EndProject
Project("{2150E333-8FDC-42A3-9474-1A3956D46DE8}") = "tests", "tests", "{C056DCDA-69B6-419E-8CC0-F5A416379FC8}"
EndProject
Project("{9A19103F-16F7-4668-BE54-9A1E7A4F7556}") = "CRUDTest.Tests", "tests\CRUDTest.Tests\CRUDTest.Tests.csproj", "{3596AEED-D4BC-4A32-8BD2-7B019319C569}"
EndProject
Project("{9A19103F-16F7-4668-BE54-9A1E7A4F7556}") = "CRUDTest.Infrastructure", "src\Infrastructure\CRUDTest.Infrastructure\CRUDTest.Infrastructure.csproj", "{FACD6D93-F0D5-42DE-8616-2427073EDED9}"
EndProject
Project("{E53339B2-1760-4266-BCC7-CA923CBCF16C}") = "docker-compose", "docker-compose.dcproj", "{E9268EAC-8345-43FC-9BFB-748679D54341}"
EndProject
Global
	GlobalSection(SolutionConfigurationPlatforms) = preSolution
		Debug|Any CPU = Debug|Any CPU
		Release|Any CPU = Release|Any CPU
	EndGlobalSection
	GlobalSection(ProjectConfigurationPlatforms) = postSolution
		{173AB53E-708E-49AB-8DBE-6F4866988BAE}.Debug|Any CPU.ActiveCfg = Debug|Any CPU
		{173AB53E-708E-49AB-8DBE-6F4866988BAE}.Debug|Any CPU.Build.0 = Debug|Any CPU
		{173AB53E-708E-49AB-8DBE-6F4866988BAE}.Release|Any CPU.ActiveCfg = Release|Any CPU
		{173AB53E-708E-49AB-8DBE-6F4866988BAE}.Release|Any CPU.Build.0 = Release|Any CPU
		{4624B242-9E81-4610-AB68-B0E8DD697694}.Debug|Any CPU.ActiveCfg = Debug|Any CPU
		{4624B242-9E81-4610-AB68-B0E8DD697694}.Debug|Any CPU.Build.0 = Debug|Any CPU
		{4624B242-9E81-4610-AB68-B0E8DD697694}.Release|Any CPU.ActiveCfg = Release|Any CPU
		{4624B242-9E81-4610-AB68-B0E8DD697694}.Release|Any CPU.Build.0 = Release|Any CPU
		{8AF1B3A9-431B-470A-A12A-F06C389F7E4C}.Debug|Any CPU.ActiveCfg = Debug|Any CPU
		{8AF1B3A9-431B-470A-A12A-F06C389F7E4C}.Debug|Any CPU.Build.0 = Debug|Any CPU
		{8AF1B3A9-431B-470A-A12A-F06C389F7E4C}.Release|Any CPU.ActiveCfg = Release|Any CPU
		{8AF1B3A9-431B-470A-A12A-F06C389F7E4C}.Release|Any CPU.Build.0 = Release|Any CPU
		{0B23DDA9-7ED1-4541-8E6B-F4C4BDD82DAA}.Debug|Any CPU.ActiveCfg = Debug|Any CPU
		{0B23DDA9-7ED1-4541-8E6B-F4C4BDD82DAA}.Debug|Any CPU.Build.0 = Debug|Any CPU
		{0B23DDA9-7ED1-4541-8E6B-F4C4BDD82DAA}.Release|Any CPU.ActiveCfg = Release|Any CPU
		{0B23DDA9-7ED1-4541-8E6B-F4C4BDD82DAA}.Release|Any CPU.Build.0 = Release|Any CPU
		{3596AEED-D4BC-4A32-8BD2-7B019319C569}.Debug|Any CPU.ActiveCfg = Debug|Any CPU
		{3596AEED-D4BC-4A32-8BD2-7B019319C569}.Debug|Any CPU.Build.0 = Debug|Any CPU
		{3596AEED-D4BC-4A32-8BD2-7B019319C569}.Release|Any CPU.ActiveCfg = Release|Any CPU
		{3596AEED-D4BC-4A32-8BD2-7B019319C569}.Release|Any CPU.Build.0 = Release|Any CPU
		{FACD6D93-F0D5-42DE-8616-2427073EDED9}.Debug|Any CPU.ActiveCfg = Debug|Any CPU
		{FACD6D93-F0D5-42DE-8616-2427073EDED9}.Debug|Any CPU.Build.0 = Debug|Any CPU
		{FACD6D93-F0D5-42DE-8616-2427073EDED9}.Release|Any CPU.ActiveCfg = Release|Any CPU
		{FACD6D93-F0D5-42DE-8616-2427073EDED9}.Release|Any CPU.Build.0 = Release|Any CPU
		{E9268EAC-8345-43FC-9BFB-748679D54341}.Debug|Any CPU.ActiveCfg = Debug|Any CPU
		{E9268EAC-8345-43FC-9BFB-748679D54341}.Debug|Any CPU.Build.0 = Debug|Any CPU
		{E9268EAC-8345-43FC-9BFB-748679D54341}.Release|Any CPU.ActiveCfg = Release|Any CPU
		{E9268EAC-8345-43FC-9BFB-748679D54341}.Release|Any CPU.Build.0 = Release|Any CPU
	EndGlobalSection
	GlobalSection(SolutionProperties) = preSolution
		HideSolutionNode = FALSE
	EndGlobalSection
	GlobalSection(NestedProjects) = preSolution
		{5673CDF4-78DE-46C4-B5B7-09EA4317AB62} = {DFC195D4-3C79-4848-904C-DC7E283D7F0A}
		{C698E4A4-3F74-4DE9-926E-8F5E8FA57F98} = {DFC195D4-3C79-4848-904C-DC7E283D7F0A}
		{79F305DA-A5ED-4D79-B8CF-1628AA8C023C} = {DFC195D4-3C79-4848-904C-DC7E283D7F0A}
		{173AB53E-708E-49AB-8DBE-6F4866988BAE} = {C698E4A4-3F74-4DE9-926E-8F5E8FA57F98}
		{4624B242-9E81-4610-AB68-B0E8DD697694} = {79F305DA-A5ED-4D79-B8CF-1628AA8C023C}
		{8AF1B3A9-431B-470A-A12A-F06C389F7E4C} = {5673CDF4-78DE-46C4-B5B7-09EA4317AB62}
		{0B23DDA9-7ED1-4541-8E6B-F4C4BDD82DAA} = {5673CDF4-78DE-46C4-B5B7-09EA4317AB62}
		{3596AEED-D4BC-4A32-8BD2-7B019319C569} = {C056DCDA-69B6-419E-8CC0-F5A416379FC8}
		{FACD6D93-F0D5-42DE-8616-2427073EDED9} = {79F305DA-A5ED-4D79-B8CF-1628AA8C023C}
	EndGlobalSection
	GlobalSection(ExtensibilityGlobals) = postSolution
		SolutionGuid = {5F8F5E4F-355C-4D12-98B6-3177EEEF8AA6}
	EndGlobalSection
EndGlobal
